// !$*UTF8*$!
{
	archiveVersion = 1;
	classes = {
	};
	objectVersion = 46;
	objects = {

/* Begin PBXBuildFile section */
		341861281A1F501C001C3A39 /* main.m in Sources */ = {isa = PBXBuildFile; fileRef = 341861271A1F501C001C3A39 /* main.m */; };
		3418612B1A1F501C001C3A39 /* AppDelegate.m in Sources */ = {isa = PBXBuildFile; fileRef = 3418612A1A1F501C001C3A39 /* AppDelegate.m */; };
		3418612E1A1F501C001C3A39 /* ViewController.m in Sources */ = {isa = PBXBuildFile; fileRef = 3418612D1A1F501C001C3A39 /* ViewController.m */; };
		341861311A1F501C001C3A39 /* Main.storyboard in Resources */ = {isa = PBXBuildFile; fileRef = 3418612F1A1F501C001C3A39 /* Main.storyboard */; };
		341861331A1F501C001C3A39 /* Images.xcassets in Resources */ = {isa = PBXBuildFile; fileRef = 341861321A1F501C001C3A39 /* Images.xcassets */; };
		341861361A1F501C001C3A39 /* LaunchScreen.xib in Resources */ = {isa = PBXBuildFile; fileRef = 341861341A1F501C001C3A39 /* LaunchScreen.xib */; };
		341861421A1F501C001C3A39 /* Touch_IDTests.m in Sources */ = {isa = PBXBuildFile; fileRef = 341861411A1F501C001C3A39 /* Touch_IDTests.m */; };
		3418614D1A1F5611001C3A39 /* AuthenticationViewController.m in Sources */ = {isa = PBXBuildFile; fileRef = 3418614C1A1F5611001C3A39 /* AuthenticationViewController.m */; };
/* End PBXBuildFile section */

/* Begin PBXContainerItemProxy section */
		3418613C1A1F501C001C3A39 /* PBXContainerItemProxy */ = {
			isa = PBXContainerItemProxy;
			containerPortal = 3418611A1A1F501C001C3A39 /* Project object */;
			proxyType = 1;
			remoteGlobalIDString = 341861211A1F501C001C3A39;
			remoteInfo = "Touch ID";
		};
/* End PBXContainerItemProxy section */

/* Begin PBXFileReference section */
		341861221A1F501C001C3A39 /* Touch ID.app */ = {isa = PBXFileReference; explicitFileType = wrapper.application; includeInIndex = 0; path = "Touch ID.app"; sourceTree = BUILT_PRODUCTS_DIR; };
		341861261A1F501C001C3A39 /* Info.plist */ = {isa = PBXFileReference; lastKnownFileType = text.plist.xml; path = Info.plist; sourceTree = "<group>"; };
		341861271A1F501C001C3A39 /* main.m */ = {isa = PBXFileReference; lastKnownFileType = sourcecode.c.objc; path = main.m; sourceTree = "<group>"; };
		341861291A1F501C001C3A39 /* AppDelegate.h */ = {isa = PBXFileReference; lastKnownFileType = sourcecode.c.h; path = AppDelegate.h; sourceTree = "<group>"; };
		3418612A1A1F501C001C3A39 /* AppDelegate.m */ = {isa = PBXFileReference; lastKnownFileType = sourcecode.c.objc; path = AppDelegate.m; sourceTree = "<group>"; };
		3418612C1A1F501C001C3A39 /* ViewController.h */ = {isa = PBXFileReference; lastKnownFileType = sourcecode.c.h; path = ViewController.h; sourceTree = "<group>"; };
		3418612D1A1F501C001C3A39 /* ViewController.m */ = {isa = PBXFileReference; lastKnownFileType = sourcecode.c.objc; path = ViewController.m; sourceTree = "<group>"; };
		341861301A1F501C001C3A39 /* Base */ = {isa = PBXFileReference; lastKnownFileType = file.storyboard; name = Base; path = Base.lproj/Main.storyboard; sourceTree = "<group>"; };
		341861321A1F501C001C3A39 /* Images.xcassets */ = {isa = PBXFileReference; lastKnownFileType = folder.assetcatalog; path = Images.xcassets; sourceTree = "<group>"; };
		341861351A1F501C001C3A39 /* Base */ = {isa = PBXFileReference; lastKnownFileType = file.xib; name = Base; path = Base.lproj/LaunchScreen.xib; sourceTree = "<group>"; };
		3418613B1A1F501C001C3A39 /* Touch IDTests.xctest */ = {isa = PBXFileReference; explicitFileType = wrapper.cfbundle; includeInIndex = 0; path = "Touch IDTests.xctest"; sourceTree = BUILT_PRODUCTS_DIR; };
		341861401A1F501C001C3A39 /* Info.plist */ = {isa = PBXFileReference; lastKnownFileType = text.plist.xml; path = Info.plist; sourceTree = "<group>"; };
		341861411A1F501C001C3A39 /* Touch_IDTests.m */ = {isa = PBXFileReference; lastKnownFileType = sourcecode.c.objc; path = Touch_IDTests.m; sourceTree = "<group>"; };
		3418614B1A1F5611001C3A39 /* AuthenticationViewController.h */ = {isa = PBXFileReference; fileEncoding = 4; lastKnownFileType = sourcecode.c.h; path = AuthenticationViewController.h; sourceTree = "<group>"; };
		3418614C1A1F5611001C3A39 /* AuthenticationViewController.m */ = {isa = PBXFileReference; fileEncoding = 4; lastKnownFileType = sourcecode.c.objc; path = AuthenticationViewController.m; sourceTree = "<group>"; };
/* End PBXFileReference section */

/* Begin PBXFrameworksBuildPhase section */
		3418611F1A1F501C001C3A39 /* Frameworks */ = {
			isa = PBXFrameworksBuildPhase;
			buildActionMask = 2147483647;
			files = (
			);
			runOnlyForDeploymentPostprocessing = 0;
		};
		341861381A1F501C001C3A39 /* Frameworks */ = {
			isa = PBXFrameworksBuildPhase;
			buildActionMask = 2147483647;
			files = (
			);
			runOnlyForDeploymentPostprocessing = 0;
		};
/* End PBXFrameworksBuildPhase section */

/* Begin PBXGroup section */
		341861191A1F501C001C3A39 = {
			isa = PBXGroup;
			children = (
				341861241A1F501C001C3A39 /* Touch ID */,
				3418613E1A1F501C001C3A39 /* Touch IDTests */,
				341861231A1F501C001C3A39 /* Products */,
			);
			sourceTree = "<group>";
		};
		341861231A1F501C001C3A39 /* Products */ = {
			isa = PBXGroup;
			children = (
				341861221A1F501C001C3A39 /* Touch ID.app */,
				3418613B1A1F501C001C3A39 /* Touch IDTests.xctest */,
			);
			name = Products;
			sourceTree = "<group>";
		};
		341861241A1F501C001C3A39 /* Touch ID */ = {
			isa = PBXGroup;
			children = (
				341861291A1F501C001C3A39 /* AppDelegate.h */,
				3418612A1A1F501C001C3A39 /* AppDelegate.m */,
				3418612C1A1F501C001C3A39 /* ViewController.h */,
				3418612D1A1F501C001C3A39 /* ViewController.m */,
				3418612F1A1F501C001C3A39 /* Main.storyboard */,
				3418614B1A1F5611001C3A39 /* AuthenticationViewController.h */,
				3418614C1A1F5611001C3A39 /* AuthenticationViewController.m */,
				341861321A1F501C001C3A39 /* Images.xcassets */,
				341861341A1F501C001C3A39 /* LaunchScreen.xib */,
				341861251A1F501C001C3A39 /* Supporting Files */,
			);
			path = "Touch ID";
			sourceTree = "<group>";
		};
		341861251A1F501C001C3A39 /* Supporting Files */ = {
			isa = PBXGroup;
			children = (
				341861261A1F501C001C3A39 /* Info.plist */,
				341861271A1F501C001C3A39 /* main.m */,
			);
			name = "Supporting Files";
			sourceTree = "<group>";
		};
		3418613E1A1F501C001C3A39 /* Touch IDTests */ = {
			isa = PBXGroup;
			children = (
				341861411A1F501C001C3A39 /* Touch_IDTests.m */,
				3418613F1A1F501C001C3A39 /* Supporting Files */,
			);
			path = "Touch IDTests";
			sourceTree = "<group>";
		};
		3418613F1A1F501C001C3A39 /* Supporting Files */ = {
			isa = PBXGroup;
			children = (
				341861401A1F501C001C3A39 /* Info.plist */,
			);
			name = "Supporting Files";
			sourceTree = "<group>";
		};
/* End PBXGroup section */

/* Begin PBXNativeTarget section */
		341861211A1F501C001C3A39 /* Touch ID */ = {
			isa = PBXNativeTarget;
			buildConfigurationList = 341861451A1F501C001C3A39 /* Build configuration list for PBXNativeTarget "Touch ID" */;
			buildPhases = (
				3418611E1A1F501C001C3A39 /* Sources */,
				3418611F1A1F501C001C3A39 /* Frameworks */,
				341861201A1F501C001C3A39 /* Resources */,
			);
			buildRules = (
			);
			dependencies = (
			);
			name = "Touch ID";
			productName = "Touch ID";
			productReference = 341861221A1F501C001C3A39 /* Touch ID.app */;
			productType = "com.apple.product-type.application";
		};
		3418613A1A1F501C001C3A39 /* Touch IDTests */ = {
			isa = PBXNativeTarget;
			buildConfigurationList = 341861481A1F501C001C3A39 /* Build configuration list for PBXNativeTarget "Touch IDTests" */;
			buildPhases = (
				341861371A1F501C001C3A39 /* Sources */,
				341861381A1F501C001C3A39 /* Frameworks */,
				341861391A1F501C001C3A39 /* Resources */,
			);
			buildRules = (
			);
			dependencies = (
				3418613D1A1F501C001C3A39 /* PBXTargetDependency */,
			);
			name = "Touch IDTests";
			productName = "Touch IDTests";
			productReference = 3418613B1A1F501C001C3A39 /* Touch IDTests.xctest */;
			productType = "com.apple.product-type.bundle.unit-test";
		};
/* End PBXNativeTarget section */

/* Begin PBXProject section */
		3418611A1A1F501C001C3A39 /* Project object */ = {
			isa = PBXProject;
			attributes = {
				LastUpgradeCheck = 0610;
				ORGANIZATIONNAME = Mobient;
				TargetAttributes = {
					341861211A1F501C001C3A39 = {
						CreatedOnToolsVersion = 6.1;
						DevelopmentTeam = ELKS9KLC7H;
					};
					3418613A1A1F501C001C3A39 = {
						CreatedOnToolsVersion = 6.1;
						TestTargetID = 341861211A1F501C001C3A39;
					};
				};
			};
			buildConfigurationList = 3418611D1A1F501C001C3A39 /* Build configuration list for PBXProject "Touch ID" */;
			compatibilityVersion = "Xcode 3.2";
			developmentRegion = English;
			hasScannedForEncodings = 0;
			knownRegions = (
				en,
				Base,
			);
			mainGroup = 341861191A1F501C001C3A39;
			productRefGroup = 341861231A1F501C001C3A39 /* Products */;
			projectDirPath = "";
			projectRoot = "";
			targets = (
				341861211A1F501C001C3A39 /* Touch ID */,
				3418613A1A1F501C001C3A39 /* Touch IDTests */,
			);
		};
/* End PBXProject section */

/* Begin PBXResourcesBuildPhase section */
		341861201A1F501C001C3A39 /* Resources */ = {
			isa = PBXResourcesBuildPhase;
			buildActionMask = 2147483647;
			files = (
				341861311A1F501C001C3A39 /* Main.storyboard in Resources */,
				341861361A1F501C001C3A39 /* LaunchScreen.xib in Resources */,
				341861331A1F501C001C3A39 /* Images.xcassets in Resources */,
			);
			runOnlyForDeploymentPostprocessing = 0;
		};
		341861391A1F501C001C3A39 /* Resources */ = {
			isa = PBXResourcesBuildPhase;
			buildActionMask = 2147483647;
			files = (
			);
			runOnlyForDeploymentPostprocessing = 0;
		};
/* End PBXResourcesBuildPhase section */

/* Begin PBXSourcesBuildPhase section */
		3418611E1A1F501C001C3A39 /* Sources */ = {
			isa = PBXSourcesBuildPhase;
			buildActionMask = 2147483647;
			files = (
				3418614D1A1F5611001C3A39 /* AuthenticationViewController.m in Sources */,
				3418612E1A1F501C001C3A39 /* ViewController.m in Sources */,
				3418612B1A1F501C001C3A39 /* AppDelegate.m in Sources */,
				341861281A1F501C001C3A39 /* main.m in Sources */,
			);
			runOnlyForDeploymentPostprocessing = 0;
		};
		341861371A1F501C001C3A39 /* Sources */ = {
			isa = PBXSourcesBuildPhase;
			buildActionMask = 2147483647;
			files = (
				341861421A1F501C001C3A39 /* Touch_IDTests.m in Sources */,
			);
			runOnlyForDeploymentPostprocessing = 0;
		};
/* End PBXSourcesBuildPhase section */

/* Begin PBXTargetDependency section */
		3418613D1A1F501C001C3A39 /* PBXTargetDependency */ = {
			isa = PBXTargetDependency;
			target = 341861211A1F501C001C3A39 /* Touch ID */;
			targetProxy = 3418613C1A1F501C001C3A39 /* PBXContainerItemProxy */;
		};
/* End PBXTargetDependency section */

/* Begin PBXVariantGroup section */
		3418612F1A1F501C001C3A39 /* Main.storyboard */ = {
			isa = PBXVariantGroup;
			children = (
				341861301A1F501C001C3A39 /* Base */,
			);
			name = Main.storyboard;
			sourceTree = "<group>";
		};
		341861341A1F501C001C3A39 /* LaunchScreen.xib */ = {
			isa = PBXVariantGroup;
			children = (
				341861351A1F501C001C3A39 /* Base */,
			);
			name = LaunchScreen.xib;
			sourceTree = "<group>";
		};
/* End PBXVariantGroup section */

/* Begin XCBuildConfiguration section */
		341861431A1F501C001C3A39 /* Debug */ = {
			isa = XCBuildConfiguration;
			buildSettings = {
				ALWAYS_SEARCH_USER_PATHS = NO;
				CLANG_CXX_LANGUAGE_STANDARD = "gnu++0x";
				CLANG_CXX_LIBRARY = "libc++";
				CLANG_ENABLE_MODULES = YES;
				CLANG_ENABLE_OBJC_ARC = YES;
				CLANG_WARN_BOOL_CONVERSION = YES;
				CLANG_WARN_CONSTANT_CONVERSION = YES;
				CLANG_WARN_DIRECT_OBJC_ISA_USAGE = YES_ERROR;
				CLANG_WARN_EMPTY_BODY = YES;
				CLANG_WARN_ENUM_CONVERSION = YES;
				CLANG_WARN_INT_CONVERSION = YES;
				CLANG_WARN_OBJC_ROOT_CLASS = YES_ERROR;
				CLANG_WARN_UNREACHABLE_CODE = YES;
				CLANG_WARN__DUPLICATE_METHOD_MATCH = YES;
				"CODE_SIGN_IDENTITY[sdk=iphoneos*]" = "iPhone Developer";
				COPY_PHASE_STRIP = NO;
				ENABLE_STRICT_OBJC_MSGSEND = YES;
				GCC_C_LANGUAGE_STANDARD = gnu99;
				GCC_DYNAMIC_NO_PIC = NO;
				GCC_OPTIMIZATION_LEVEL = 0;
				GCC_PREPROCESSOR_DEFINITIONS = (
					"DEBUG=1",
					"$(inherited)",
				);
				GCC_SYMBOLS_PRIVATE_EXTERN = NO;
				GCC_WARN_64_TO_32_BIT_CONVERSION = YES;
				GCC_WARN_ABOUT_RETURN_TYPE = YES_ERROR;
				GCC_WARN_UNDECLARED_SELECTOR = YES;
				GCC_WARN_UNINITIALIZED_AUTOS = YES_AGGRESSIVE;
				GCC_WARN_UNUSED_FUNCTION = YES;
				GCC_WARN_UNUSED_VARIABLE = YES;
				IPHONEOS_DEPLOYMENT_TARGET = 8.1;
				MTL_ENABLE_DEBUG_INFO = YES;
				ONLY_ACTIVE_ARCH = YES;
				SDKROOT = iphoneos;
			};
			name = Debug;
		};
		341861441A1F501C001C3A39 /* Release */ = {
			isa = XCBuildConfiguration;
			buildSettings = {
				ALWAYS_SEARCH_USER_PATHS = NO;
				CLANG_CXX_LANGUAGE_STANDARD = "gnu++0x";
				CLANG_CXX_LIBRARY = "libc++";
				CLANG_ENABLE_MODULES = YES;
				CLANG_ENABLE_OBJC_ARC = YES;
				CLANG_WARN_BOOL_CONVERSION = YES;
				CLANG_WARN_CONSTANT_CONVERSION = YES;
				CLANG_WARN_DIRECT_OBJC_ISA_USAGE = YES_ERROR;
				CLANG_WARN_EMPTY_BODY = YES;
				CLANG_WARN_ENUM_CONVERSION = YES;
				CLANG_WARN_INT_CONVERSION = YES;
				CLANG_WARN_OBJC_ROOT_CLASS = YES_ERROR;
				CLANG_WARN_UNREACHABLE_CODE = YES;
				CLANG_WARN__DUPLICATE_METHOD_MATCH = YES;
				"CODE_SIGN_IDENTITY[sdk=iphoneos*]" = "iPhone Developer";
				COPY_PHASE_STRIP = YES;
				ENABLE_NS_ASSERTIONS = NO;
				ENABLE_STRICT_OBJC_MSGSEND = YES;
				GCC_C_LANGUAGE_STANDARD = gnu99;
				GCC_WARN_64_TO_32_BIT_CONVERSION = YES;
				GCC_WARN_ABOUT_RETURN_TYPE = YES_ERROR;
				GCC_WARN_UNDECLARED_SELECTOR = YES;
				GCC_WARN_UNINITIALIZED_AUTOS = YES_AGGRESSIVE;
				GCC_WARN_UNUSED_FUNCTION = YES;
				GCC_WARN_UNUSED_VARIABLE = YES;
				IPHONEOS_DEPLOYMENT_TARGET = 8.1;
				MTL_ENABLE_DEBUG_INFO = NO;
				SDKROOT = iphoneos;
				VALIDATE_PRODUCT = YES;
			};
			name = Release;
		};
		341861461A1F501C001C3A39 /* Debug */ = {
			isa = XCBuildConfiguration;
			buildSettings = {
				ASSETCATALOG_COMPILER_APPICON_NAME = AppIcon;
				DEVELOPMENT_TEAM = ELKS9KLC7H;
				INFOPLIST_FILE = "Touch ID/Info.plist";
				LD_RUNPATH_SEARCH_PATHS = "$(inherited) @executable_path/Frameworks";
				PRODUCT_BUNDLE_IDENTIFIER = com.vr.vrinspect;
				PRODUCT_NAME = "$(TARGET_NAME)";
			};
			name = Debug;
		};
		341861471A1F501C001C3A39 /* Release */ = {
			isa = XCBuildConfiguration;
			buildSettings = {
				ASSETCATALOG_COMPILER_APPICON_NAME = AppIcon;
				DEVELOPMENT_TEAM = ELKS9KLC7H;
				INFOPLIST_FILE = "Touch ID/Info.plist";
				LD_RUNPATH_SEARCH_PATHS = "$(inherited) @executable_path/Frameworks";
				PRODUCT_BUNDLE_IDENTIFIER = com.vr.vrinspect;
				PRODUCT_NAME = "$(TARGET_NAME)";
			};
			name = Release;
		};
		341861491A1F501C001C3A39 /* Debug */ = {
			isa = XCBuildConfiguration;
			buildSettings = {
				BUNDLE_LOADER = "$(TEST_HOST)";
				FRAMEWORK_SEARCH_PATHS = (
					"$(SDKROOT)/Developer/Library/Frameworks",
					"$(inherited)",
				);
				GCC_PREPROCESSOR_DEFINITIONS = (
					"DEBUG=1",
					"$(inherited)",
				);
				INFOPLIST_FILE = "Touch IDTests/Info.plist";
				LD_RUNPATH_SEARCH_PATHS = "$(inherited) @executable_path/Frameworks @loader_path/Frameworks";
				PRODUCT_NAME = "$(TARGET_NAME)";
				TEST_HOST = "$(BUILT_PRODUCTS_DIR)/Touch ID.app/Touch ID";
			};
			name = Debug;
		};
		3418614A1A1F501C001C3A39 /* Release */ = {
			isa = XCBuildConfiguration;
			buildSettings = {
				BUNDLE_LOADER = "$(TEST_HOST)";
				FRAMEWORK_SEARCH_PATHS = (
					"$(SDKROOT)/Developer/Library/Frameworks",
					"$(inherited)",
				);
				INFOPLIST_FILE = "Touch IDTests/Info.plist";
				LD_RUNPATH_SEARCH_PATHS = "$(inherited) @executable_path/Frameworks @loader_path/Frameworks";
				PRODUCT_NAME = "$(TARGET_NAME)";
				TEST_HOST = "$(BUILT_PRODUCTS_DIR)/Touch ID.app/Touch ID";
			};
			name = Release;
		};
/* End XCBuildConfiguration section */

/* Begin XCConfigurationList section */
		3418611D1A1F501C001C3A39 /* Build configuration list for PBXProject "Touch ID" */ = {
			isa = XCConfigurationList;
			buildConfigurations = (
				341861431A1F501C001C3A39 /* Debug */,
				341861441A1F501C001C3A39 /* Release */,
			);
			defaultConfigurationIsVisible = 0;
			defaultConfigurationName = Release;
		};
		341861451A1F501C001C3A39 /* Build configuration list for PBXNativeTarget "Touch ID" */ = {
			isa = XCConfigurationList;
			buildConfigurations = (
				341861461A1F501C001C3A39 /* Debug */,
				341861471A1F501C001C3A39 /* Release */,
			);
			defaultConfigurationIsVisible = 0;
			defaultConfigurationName = Release;
		};
		341861481A1F501C001C3A39 /* Build configuration list for PBXNativeTarget "Touch IDTests" */ = {
			isa = XCConfigurationList;
			buildConfigurations = (
				341861491A1F501C001C3A39 /* Debug */,
				3418614A1A1F501C001C3A39 /* Release */,
			);
			defaultConfigurationIsVisible = 0;
			defaultConfigurationName = Release;
		};
/* End XCConfigurationList section */
	};
	rootObject = 3418611A1A1F501C001C3A39 /* Project object */;
}
